{
  "name": "automeme-studio-ui",
  "version": "0.1.0",
  "lockfileVersion": 3,
  "requires": true,
  "packages": {
    "": {
      "name": "automeme-studio-ui",
      "version": "0.1.0",
      "dependencies": {
        "filepond": "4.32.12",
        "lucide": "1.45.0",
        "plyr": "3.8.4",
        "sortablejs": "1.15.7",
        "wavesurfer.js": "7.12.12"
      }
    },
    "node_modules/core-js": {
      "version": "3.50.0",
      "resolved": "https://registry.npmjs.org/core-js/-/core-js-3.50.0.tgz",
      "integrity": "sha512-BRWgOLKkFeCgRudR6zrs8p9XJZcE14grzKMMssoYrk6krtuEZ7MTKPIY5RzOnqsEKIR9kst7wNzphttraT+Yqw==",
      "hasInstallScript": true,
      "license": "MIT",
      "engines": {
        "node": "*"
      },
      "funding": {
        "type": "opencollective",
        "url": "https://opencollective.com/core-js"
      }
    },
    "node_modules/custom-event-polyfill": {
      "version": "1.0.7",
      "resolved": "https://registry.npmjs.org/custom-event-polyfill/-/custom-event-polyfill-1.0.7.tgz",
      "integrity": "sha512-TDDkd5DkaZxZFM8p+1I3yAlvM3rSr1wbrOliG4yJiwinMZN8z/iGL7BTlDkrJcYTmgUSb4ywVCc3ZaUtOtC76w==",
      "license": "MIT"
    },
    "node_modules/filepond": {
      "version": "4.32.12",
      "resolved": "https://registry.npmjs.org/filepond/-/filepond-4.32.12.tgz",
      "integrity": "sha512-wro0/deLwua9CkL7HJygOlDaPo1c7Ov8kfzbZjH7m4hdi56gdHGDeRWnYa+qXnRm3Lty69gUGVFb3JZy/9vT8g==",
      "license": "MIT"
    },
    "node_modules/loadjs": {
      "version": "4.3.0",
      "resolved": "https://registry.npmjs.org/loadjs/-/loadjs-4.3.0.tgz",
      "integrity": "sha512-vNX4ZZLJBeDEOBvdr2v/F+0aN5oMuPu7JTqrMwp+DtgK+AryOlpy6Xtm2/HpNr+azEa828oQjOtWsB6iDtSfSQ==",
      "license": "MIT"
    },
    "node_modules/lucide": {
      "version": "1.45.0",
      "resolved": "https://registry.npmjs.org/lucide/-/lucide-1.45.0.tgz",
      "integrity": "sha512-Paze7TONAGAOSwg2qh2GXY0zkNY6p4+E6BTthwyY6LpVQnqcpV73jtY9UtAZeMfDiZpevZhKINpLu4WeahOXyw==",
      "license": "ISC"
    },
    "node_modules/plyr": {
      "version": "3.8.4",
      "resolved": "https://registry.npmjs.org/plyr/-/plyr-3.8.4.tgz",
      "integrity": "sha512-DrzLbK9Wol3zeiuZCleD9aUOl0KAaBHR9H6WVVVYPZ4Ya+LYxUFTgSF1jooHcMQCv96Ws96wCaZzIoP3bES8pQ==",
      "license": "MIT",
      "dependencies": {
        "core-js": "^3.45.1",
        "custom-event-polyfill": "^1.0.7",
        "loadjs": "^4.3.0",
        "rangetouch": "^2.0.1",
        "url-polyfill": "^1.1.13"
      }
    },
    "node_modules/rangetouch": {
      "version": "2.0.1",
      "resolved": "https://registry.npmjs.org/rangetouch/-/rangetouch-2.0.1.tgz",
      "integrity": "sha512-sln+pNSc8NGaHoLzwNBssFSf/rSYkqeBXzX1AtJlkJiUaVSJSbRAWJk+4omsXkN+EJalzkZhWQ3th1m0FpR5xA==",
      "license": "MIT"
    },
    "node_modules/sortablejs": {
      "version": "1.15.7",
      "resolved": "https://registry.npmjs.org/sortablejs/-/sortablejs-1.15.7.tgz",
      "integrity": "sha512-Kk8wLQPlS+yi1ZEf48a4+fzHa4yxjC30M/Sr2AnQu+f/MPwvvX9XjZ6OWejiz8crBsLwSq8GHqaxaET7u6ux0A==",
      "license": "MIT"
    },
    "node_modules/url-polyfill": {
      "version": "1.1.14",
      "resolved": "https://registry.npmjs.org/url-polyfill/-/url-polyfill-1.1.14.tgz",
      "integrity": "sha512-p4f3TTAG6ADVF3mwbXw7hGw+QJyw5CnNGvYh5fCuQQZIiuKUswqcznyV3pGDP9j0TSmC4UvRKm8kl1QsX1diiQ==",
      "license": "MIT"
    },
    "node_modules/wavesurfer.js": {
      "version": "7.12.12",
      "resolved": "https://registry.npmjs.org/wavesurfer.js/-/wavesurfer.js-7.12.12.tgz",
      "integrity": "sha512-fyKNuREQTliCl4b9w7pUzpFXQIkX5tcdYu1o6vBdH+NlUXvTxshvfbG2hj8OxDevzQNZlDTHzZGyAT3FhuutWw==",
      "license": "BSD-3-Clause"
    }
  }
}
